
Microsoft Visual Studio Solution File, Format Version 12.00
# Visual Studio Version 16
VisualStudioVersion = 16.0.29503.13
MinimumVisualStudioVersion = 10.0.40219.1
Project("{FAE04EC0-301F-11D3-BF4B-00C04F79EFBC}") = "IdemMedina", "IdemMedina\IdemMedina.csproj", "{A088E3BC-28BE-4342-A31D-80CF4DA7C09F}"
EndProject
Global
	GlobalSection(SolutionConfigurationPlatforms) = preSolution
		Debug|Any CPU = Debug|Any CPU
		Release|Any CPU = Release|Any CPU
	EndGlobalSection
	GlobalSection(ProjectConfigurationPlatforms) = postSolution
		{A088E3BC-28BE-4342-A31D-80CF4DA7C09F}.Debug|Any CPU.ActiveCfg = Debug|Any CPU
		{A088E3BC-28BE-4342-A31D-80CF4DA7C09F}.Debug|Any CPU.Build.0 = Debug|Any CPU
		{A088E3BC-28BE-4342-A31D-80CF4DA7C09F}.Release|Any CPU.ActiveCfg = Release|Any CPU
		{A088E3BC-28BE-4342-A31D-80CF4DA7C09F}.Release|Any CPU.Build.0 = Release|Any CPU
	EndGlobalSection
	GlobalSection(SolutionProperties) = preSolution
		HideSolutionNode = FALSE
	EndGlobalSection
	GlobalSection(ExtensibilityGlobals) = postSolution
		SolutionGuid = {84F967B5-9768-4687-88A7-2069E5F785CB}
	EndGlobalSection
EndGlobal
